// !$*UTF8*$!
{
	archiveVersion = 1;
	classes = {
	};
	objectVersion = 55;
	objects = {

/* Begin PBXBuildFile section */
		F730697227D3C5600020AE85 /* EmployeeVC.swift in Sources */ = {isa = PBXBuildFile; fileRef = F730697127D3C5600020AE85 /* EmployeeVC.swift */; };
		F730697A27D492EE0020AE85 /* Organization+CoreDataClass.swift in Sources */ = {isa = PBXBuildFile; fileRef = F730697827D492EE0020AE85 /* Organization+CoreDataClass.swift */; };
		F730697B27D492EE0020AE85 /* Organization+CoreDataProperties.swift in Sources */ = {isa = PBXBuildFile; fileRef = F730697927D492EE0020AE85 /* Organization+CoreDataProperties.swift */; };
		F740CD0A27BFADCC00E4A92E /* AppDelegate.swift in Sources */ = {isa = PBXBuildFile; fileRef = F740CD0927BFADCC00E4A92E /* AppDelegate.swift */; };
		F740CD1127BFADCC00E4A92E /* Main.storyboard in Resources */ = {isa = PBXBuildFile; fileRef = F740CD0F27BFADCC00E4A92E /* Main.storyboard */; };
		F740CD1627BFADCD00E4A92E /* Assets.xcassets in Resources */ = {isa = PBXBuildFile; fileRef = F740CD1527BFADCD00E4A92E /* Assets.xcassets */; };
		F740CD1927BFADCD00E4A92E /* LaunchScreen.storyboard in Resources */ = {isa = PBXBuildFile; fileRef = F740CD1727BFADCD00E4A92E /* LaunchScreen.storyboard */; };
		F740CD2127BFCCEF00E4A92E /* OrganizationVC.swift in Sources */ = {isa = PBXBuildFile; fileRef = F740CD2027BFCCEF00E4A92E /* OrganizationVC.swift */; };
		F7B748F827C3E02D0082673C /* Ya_CoreData.xcdatamodeld in Sources */ = {isa = PBXBuildFile; fileRef = F7B748F627C3E02D0082673C /* Ya_CoreData.xcdatamodeld */; };
/* End PBXBuildFile section */

/* Begin PBXFileReference section */
		F730697127D3C5600020AE85 /* EmployeeVC.swift */ = {isa = PBXFileReference; lastKnownFileType = sourcecode.swift; path = EmployeeVC.swift; sourceTree = "<group>"; };
		F730697827D492EE0020AE85 /* Organization+CoreDataClass.swift */ = {isa = PBXFileReference; lastKnownFileType = sourcecode.swift; path = "Organization+CoreDataClass.swift"; sourceTree = "<group>"; };
		F730697927D492EE0020AE85 /* Organization+CoreDataProperties.swift */ = {isa = PBXFileReference; lastKnownFileType = sourcecode.swift; path = "Organization+CoreDataProperties.swift"; sourceTree = "<group>"; };
		F740CD0627BFADCC00E4A92E /* Ya_CoreData.app */ = {isa = PBXFileReference; explicitFileType = wrapper.application; includeInIndex = 0; path = Ya_CoreData.app; sourceTree = BUILT_PRODUCTS_DIR; };
		F740CD0927BFADCC00E4A92E /* AppDelegate.swift */ = {isa = PBXFileReference; lastKnownFileType = sourcecode.swift; path = AppDelegate.swift; sourceTree = "<group>"; };
		F740CD1027BFADCC00E4A92E /* Base */ = {isa = PBXFileReference; lastKnownFileType = file.storyboard; name = Base; path = Base.lproj/Main.storyboard; sourceTree = "<group>"; };
		F740CD1527BFADCD00E4A92E /* Assets.xcassets */ = {isa = PBXFileReference; lastKnownFileType = folder.assetcatalog; path = Assets.xcassets; sourceTree = "<group>"; };
		F740CD1827BFADCD00E4A92E /* Base */ = {isa = PBXFileReference; lastKnownFileType = file.storyboard; name = Base; path = Base.lproj/LaunchScreen.storyboard; sourceTree = "<group>"; };
		F740CD1A27BFADCD00E4A92E /* Info.plist */ = {isa = PBXFileReference; lastKnownFileType = text.plist.xml; path = Info.plist; sourceTree = "<group>"; };
		F740CD2027BFCCEF00E4A92E /* OrganizationVC.swift */ = {isa = PBXFileReference; lastKnownFileType = sourcecode.swift; path = OrganizationVC.swift; sourceTree = "<group>"; };
		F759C48627D507A4008851BE /* Ya_CoreData 2.xcdatamodel */ = {isa = PBXFileReference; lastKnownFileType = wrapper.xcdatamodel; path = "Ya_CoreData 2.xcdatamodel"; sourceTree = "<group>"; };
		F7B748F727C3E02D0082673C /* Ya_CoreData.xcdatamodel */ = {isa = PBXFileReference; lastKnownFileType = wrapper.xcdatamodel; path = Ya_CoreData.xcdatamodel; sourceTree = "<group>"; };
/* End PBXFileReference section */

/* Begin PBXFrameworksBuildPhase section */
		F740CD0327BFADCC00E4A92E /* Frameworks */ = {
			isa = PBXFrameworksBuildPhase;
			buildActionMask = 2147483647;
			files = (
			);
			runOnlyForDeploymentPostprocessing = 0;
		};
/* End PBXFrameworksBuildPhase section */

/* Begin PBXGroup section */
		F740CCFD27BFADCC00E4A92E = {
			isa = PBXGroup;
			children = (
				F740CD0827BFADCC00E4A92E /* Ya_CoreData */,
				F740CD0727BFADCC00E4A92E /* Products */,
			);
			sourceTree = "<group>";
		};
		F740CD0727BFADCC00E4A92E /* Products */ = {
			isa = PBXGroup;
			children = (
				F740CD0627BFADCC00E4A92E /* Ya_CoreData.app */,
			);
			name = Products;
			sourceTree = "<group>";
		};
		F740CD0827BFADCC00E4A92E /* Ya_CoreData */ = {
			isa = PBXGroup;
			children = (
				F740CD0927BFADCC00E4A92E /* AppDelegate.swift */,
				F740CD2027BFCCEF00E4A92E /* OrganizationVC.swift */,
				F730697127D3C5600020AE85 /* EmployeeVC.swift */,
				F740CD0F27BFADCC00E4A92E /* Main.storyboard */,
				F740CD1527BFADCD00E4A92E /* Assets.xcassets */,
				F740CD1727BFADCD00E4A92E /* LaunchScreen.storyboard */,
				F740CD1A27BFADCD00E4A92E /* Info.plist */,
				F7B748F627C3E02D0082673C /* Ya_CoreData.xcdatamodeld */,
				F730697927D492EE0020AE85 /* Organization+CoreDataProperties.swift */,
				F730697827D492EE0020AE85 /* Organization+CoreDataClass.swift */,
			);
			path = Ya_CoreData;
			sourceTree = "<group>";
		};
/* End PBXGroup section */

/* Begin PBXNativeTarget section */
		F740CD0527BFADCC00E4A92E /* Ya_CoreData */ = {
			isa = PBXNativeTarget;
			buildConfigurationList = F740CD1D27BFADCD00E4A92E /* Build configuration list for PBXNativeTarget "Ya_CoreData" */;
			buildPhases = (
				F740CD0227BFADCC00E4A92E /* Sources */,
				F740CD0327BFADCC00E4A92E /* Frameworks */,
				F740CD0427BFADCC00E4A92E /* Resources */,
			);
			buildRules = (
			);
			dependencies = (
			);
			name = Ya_CoreData;
			productName = Ya_CoreData;
			productReference = F740CD0627BFADCC00E4A92E /* Ya_CoreData.app */;
			productType = "com.apple.product-type.application";
		};
/* End PBXNativeTarget section */

/* Begin PBXProject section */
		F740CCFE27BFADCC00E4A92E /* Project object */ = {
			isa = PBXProject;
			attributes = {
				BuildIndependentTargetsInParallel = 1;
				LastSwiftUpdateCheck = 1320;
				LastUpgradeCheck = 1320;
				TargetAttributes = {
					F740CD0527BFADCC00E4A92E = {
						CreatedOnToolsVersion = 13.2.1;
					};
				};
			};
			buildConfigurationList = F740CD0127BFADCC00E4A92E /* Build configuration list for PBXProject "Ya_CoreData" */;
			compatibilityVersion = "Xcode 13.0";
			developmentRegion = en;
			hasScannedForEncodings = 0;
			knownRegions = (
				en,
				Base,
			);
			mainGroup = F740CCFD27BFADCC00E4A92E;
			productRefGroup = F740CD0727BFADCC00E4A92E /* Products */;
			projectDirPath = "";
			projectRoot = "";
			targets = (
				F740CD0527BFADCC00E4A92E /* Ya_CoreData */,
			);
		};
/* End PBXProject section */

/* Begin PBXResourcesBuildPhase section */
		F740CD0427BFADCC00E4A92E /* Resources */ = {
			isa = PBXResourcesBuildPhase;
			buildActionMask = 2147483647;
			files = (
				F740CD1927BFADCD00E4A92E /* LaunchScreen.storyboard in Resources */,
				F740CD1627BFADCD00E4A92E /* Assets.xcassets in Resources */,
				F740CD1127BFADCC00E4A92E /* Main.storyboard in Resources */,
			);
			runOnlyForDeploymentPostprocessing = 0;
		};
/* End PBXResourcesBuildPhase section */

/* Begin PBXSourcesBuildPhase section */
		F740CD0227BFADCC00E4A92E /* Sources */ = {
			isa = PBXSourcesBuildPhase;
			buildActionMask = 2147483647;
			files = (
				F730697B27D492EE0020AE85 /* Organization+CoreDataProperties.swift in Sources */,
				F730697A27D492EE0020AE85 /* Organization+CoreDataClass.swift in Sources */,
				F740CD2127BFCCEF00E4A92E /* OrganizationVC.swift in Sources */,
				F730697227D3C5600020AE85 /* EmployeeVC.swift in Sources */,
				F7B748F827C3E02D0082673C /* Ya_CoreData.xcdatamodeld in Sources */,
				F740CD0A27BFADCC00E4A92E /* AppDelegate.swift in Sources */,
			);
			runOnlyForDeploymentPostprocessing = 0;
		};
/* End PBXSourcesBuildPhase section */

/* Begin PBXVariantGroup section */
		F740CD0F27BFADCC00E4A92E /* Main.storyboard */ = {
			isa = PBXVariantGroup;
			children = (
				F740CD1027BFADCC00E4A92E /* Base */,
			);
			name = Main.storyboard;
			sourceTree = "<group>";
		};
		F740CD1727BFADCD00E4A92E /* LaunchScreen.storyboard */ = {
			isa = PBXVariantGroup;
			children = (
				F740CD1827BFADCD00E4A92E /* Base */,
			);
			name = LaunchScreen.storyboard;
			sourceTree = "<group>";
		};
/* End PBXVariantGroup section */

/* Begin XCBuildConfiguration section */
		F740CD1B27BFADCD00E4A92E /* Debug */ = {
			isa = XCBuildConfiguration;
			buildSettings = {
				ALWAYS_SEARCH_USER_PATHS = NO;
				CLANG_ANALYZER_NONNULL = YES;
				CLANG_ANALYZER_NUMBER_OBJECT_CONVERSION = YES_AGGRESSIVE;
				CLANG_CXX_LANGUAGE_STANDARD = "gnu++17";
				CLANG_CXX_LIBRARY = "libc++";
				CLANG_ENABLE_MODULES = YES;
				CLANG_ENABLE_OBJC_ARC = YES;
				CLANG_ENABLE_OBJC_WEAK = YES;
				CLANG_WARN_BLOCK_CAPTURE_AUTORELEASING = YES;
				CLANG_WARN_BOOL_CONVERSION = YES;
				CLANG_WARN_COMMA = YES;
				CLANG_WARN_CONSTANT_CONVERSION = YES;
				CLANG_WARN_DEPRECATED_OBJC_IMPLEMENTATIONS = YES;
				CLANG_WARN_DIRECT_OBJC_ISA_USAGE = YES_ERROR;
				CLANG_WARN_DOCUMENTATION_COMMENTS = YES;
				CLANG_WARN_EMPTY_BODY = YES;
				CLANG_WARN_ENUM_CONVERSION = YES;
				CLANG_WARN_INFINITE_RECURSION = YES;
				CLANG_WARN_INT_CONVERSION = YES;
				CLANG_WARN_NON_LITERAL_NULL_CONVERSION = YES;
				CLANG_WARN_OBJC_IMPLICIT_RETAIN_SELF = YES;
				CLANG_WARN_OBJC_LITERAL_CONVERSION = YES;
				CLANG_WARN_OBJC_ROOT_CLASS = YES_ERROR;
				CLANG_WARN_QUOTED_INCLUDE_IN_FRAMEWORK_HEADER = YES;
				CLANG_WARN_RANGE_LOOP_ANALYSIS = YES;
				CLANG_WARN_STRICT_PROTOTYPES = YES;
				CLANG_WARN_SUSPICIOUS_MOVE = YES;
				CLANG_WARN_UNGUARDED_AVAILABILITY = YES_AGGRESSIVE;
				CLANG_WARN_UNREACHABLE_CODE = YES;
				CLANG_WARN__DUPLICATE_METHOD_MATCH = YES;
				COPY_PHASE_STRIP = NO;
				DEBUG_INFORMATION_FORMAT = dwarf;
				ENABLE_STRICT_OBJC_MSGSEND = YES;
				ENABLE_TESTABILITY = YES;
				GCC_C_LANGUAGE_STANDARD = gnu11;
				GCC_DYNAMIC_NO_PIC = NO;
				GCC_NO_COMMON_BLOCKS = YES;
				GCC_OPTIMIZATION_LEVEL = 0;
				GCC_PREPROCESSOR_DEFINITIONS = (
					"DEBUG=1",
					"$(inherited)",
				);
				GCC_WARN_64_TO_32_BIT_CONVERSION = YES;
				GCC_WARN_ABOUT_RETURN_TYPE = YES_ERROR;
				GCC_WARN_UNDECLARED_SELECTOR = YES;
				GCC_WARN_UNINITIALIZED_AUTOS = YES_AGGRESSIVE;
				GCC_WARN_UNUSED_FUNCTION = YES;
				GCC_WARN_UNUSED_VARIABLE = YES;
				IPHONEOS_DEPLOYMENT_TARGET = 15.2;
				MTL_ENABLE_DEBUG_INFO = INCLUDE_SOURCE;
				MTL_FAST_MATH = YES;
				ONLY_ACTIVE_ARCH = YES;
				SDKROOT = iphoneos;
				SWIFT_ACTIVE_COMPILATION_CONDITIONS = DEBUG;
				SWIFT_OPTIMIZATION_LEVEL = "-Onone";
			};
			name = Debug;
		};
		F740CD1C27BFADCD00E4A92E /* Release */ = {
			isa = XCBuildConfiguration;
			buildSettings = {
				ALWAYS_SEARCH_USER_PATHS = NO;
				CLANG_ANALYZER_NONNULL = YES;
				CLANG_ANALYZER_NUMBER_OBJECT_CONVERSION = YES_AGGRESSIVE;
				CLANG_CXX_LANGUAGE_STANDARD = "gnu++17";
				CLANG_CXX_LIBRARY = "libc++";
				CLANG_ENABLE_MODULES = YES;
				CLANG_ENABLE_OBJC_ARC = YES;
				CLANG_ENABLE_OBJC_WEAK = YES;
				CLANG_WARN_BLOCK_CAPTURE_AUTORELEASING = YES;
				CLANG_WARN_BOOL_CONVERSION = YES;
				CLANG_WARN_COMMA = YES;
				CLANG_WARN_CONSTANT_CONVERSION = YES;
				CLANG_WARN_DEPRECATED_OBJC_IMPLEMENTATIONS = YES;
				CLANG_WARN_DIRECT_OBJC_ISA_USAGE = YES_ERROR;
				CLANG_WARN_DOCUMENTATION_COMMENTS = YES;
				CLANG_WARN_EMPTY_BODY = YES;
				CLANG_WARN_ENUM_CONVERSION = YES;
				CLANG_WARN_INFINITE_RECURSION = YES;
				CLANG_WARN_INT_CONVERSION = YES;
				CLANG_WARN_NON_LITERAL_NULL_CONVERSION = YES;
				CLANG_WARN_OBJC_IMPLICIT_RETAIN_SELF = YES;
				CLANG_WARN_OBJC_LITERAL_CONVERSION = YES;
				CLANG_WARN_OBJC_ROOT_CLASS = YES_ERROR;
				CLANG_WARN_QUOTED_INCLUDE_IN_FRAMEWORK_HEADER = YES;
				CLANG_WARN_RANGE_LOOP_ANALYSIS = YES;
				CLANG_WARN_STRICT_PROTOTYPES = YES;
				CLANG_WARN_SUSPICIOUS_MOVE = YES;
				CLANG_WARN_UNGUARDED_AVAILABILITY = YES_AGGRESSIVE;
				CLANG_WARN_UNREACHABLE_CODE = YES;
				CLANG_WARN__DUPLICATE_METHOD_MATCH = YES;
				COPY_PHASE_STRIP = NO;
				DEBUG_INFORMATION_FORMAT = "dwarf-with-dsym";
				ENABLE_NS_ASSERTIONS = NO;
				ENABLE_STRICT_OBJC_MSGSEND = YES;
				GCC_C_LANGUAGE_STANDARD = gnu11;
				GCC_NO_COMMON_BLOCKS = YES;
				GCC_WARN_64_TO_32_BIT_CONVERSION = YES;
				GCC_WARN_ABOUT_RETURN_TYPE = YES_ERROR;
				GCC_WARN_UNDECLARED_SELECTOR = YES;
				GCC_WARN_UNINITIALIZED_AUTOS = YES_AGGRESSIVE;
				GCC_WARN_UNUSED_FUNCTION = YES;
				GCC_WARN_UNUSED_VARIABLE = YES;
				IPHONEOS_DEPLOYMENT_TARGET = 15.2;
				MTL_ENABLE_DEBUG_INFO = NO;
				MTL_FAST_MATH = YES;
				SDKROOT = iphoneos;
				SWIFT_COMPILATION_MODE = wholemodule;
				SWIFT_OPTIMIZATION_LEVEL = "-O";
				VALIDATE_PRODUCT = YES;
			};
			name = Release;
		};
		F740CD1E27BFADCD00E4A92E /* Debug */ = {
			isa = XCBuildConfiguration;
			buildSettings = {
				ASSETCATALOG_COMPILER_APPICON_NAME = AppIcon;
				ASSETCATALOG_COMPILER_GLOBAL_ACCENT_COLOR_NAME = AccentColor;
				CODE_SIGN_STYLE = Automatic;
				CURRENT_PROJECT_VERSION = 1;
				DEVELOPMENT_TEAM = T6LVN7C3SS;
				GENERATE_INFOPLIST_FILE = YES;
				INFOPLIST_FILE = Ya_CoreData/Info.plist;
				INFOPLIST_KEY_UIApplicationSupportsIndirectInputEvents = YES;
				INFOPLIST_KEY_UILaunchStoryboardName = LaunchScreen;
				INFOPLIST_KEY_UIMainStoryboardFile = Main;
				INFOPLIST_KEY_UISupportedInterfaceOrientations_iPad = "UIInterfaceOrientationPortrait UIInterfaceOrientationPortraitUpsideDown UIInterfaceOrientationLandscapeLeft UIInterfaceOrientationLandscapeRight";
				INFOPLIST_KEY_UISupportedInterfaceOrientations_iPhone = "UIInterfaceOrientationPortrait UIInterfaceOrientationLandscapeLeft UIInterfaceOrientationLandscapeRight";
				LD_RUNPATH_SEARCH_PATHS = (
					"$(inherited)",
					"@executable_path/Frameworks",
				);
				MARKETING_VERSION = 1.0;
				PRODUCT_BUNDLE_IDENTIFIER = "mak.Ya-CoreData";
				PRODUCT_NAME = "$(TARGET_NAME)";
				SWIFT_EMIT_LOC_STRINGS = YES;
				SWIFT_VERSION = 5.0;
				TARGETED_DEVICE_FAMILY = "1,2";
			};
			name = Debug;
		};
		F740CD1F27BFADCD00E4A92E /* Release */ = {
			isa = XCBuildConfiguration;
			buildSettings = {
				ASSETCATALOG_COMPILER_APPICON_NAME = AppIcon;
				ASSETCATALOG_COMPILER_GLOBAL_ACCENT_COLOR_NAME = AccentColor;
				CODE_SIGN_STYLE = Automatic;
				CURRENT_PROJECT_VERSION = 1;
				DEVELOPMENT_TEAM = T6LVN7C3SS;
				GENERATE_INFOPLIST_FILE = YES;
				INFOPLIST_FILE = Ya_CoreData/Info.plist;
				INFOPLIST_KEY_UIApplicationSupportsIndirectInputEvents = YES;
				INFOPLIST_KEY_UILaunchStoryboardName = LaunchScreen;
				INFOPLIST_KEY_UIMainStoryboardFile = Main;
				INFOPLIST_KEY_UISupportedInterfaceOrientations_iPad = "UIInterfaceOrientationPortrait UIInterfaceOrientationPortraitUpsideDown UIInterfaceOrientationLandscapeLeft UIInterfaceOrientationLandscapeRight";
				INFOPLIST_KEY_UISupportedInterfaceOrientations_iPhone = "UIInterfaceOrientationPortrait UIInterfaceOrientationLandscapeLeft UIInterfaceOrientationLandscapeRight";
				LD_RUNPATH_SEARCH_PATHS = (
					"$(inherited)",
					"@executable_path/Frameworks",
				);
				MARKETING_VERSION = 1.0;
				PRODUCT_BUNDLE_IDENTIFIER = "mak.Ya-CoreData";
				PRODUCT_NAME = "$(TARGET_NAME)";
				SWIFT_EMIT_LOC_STRINGS = YES;
				SWIFT_VERSION = 5.0;
				TARGETED_DEVICE_FAMILY = "1,2";
			};
			name = Release;
		};
/* End XCBuildConfiguration section */

/* Begin XCConfigurationList section */
		F740CD0127BFADCC00E4A92E /* Build configuration list for PBXProject "Ya_CoreData" */ = {
			isa = XCConfigurationList;
			buildConfigurations = (
				F740CD1B27BFADCD00E4A92E /* Debug */,
				F740CD1C27BFADCD00E4A92E /* Release */,
			);
			defaultConfigurationIsVisible = 0;
			defaultConfigurationName = Release;
		};
		F740CD1D27BFADCD00E4A92E /* Build configuration list for PBXNativeTarget "Ya_CoreData" */ = {
			isa = XCConfigurationList;
			buildConfigurations = (
				F740CD1E27BFADCD00E4A92E /* Debug */,
				F740CD1F27BFADCD00E4A92E /* Release */,
			);
			defaultConfigurationIsVisible = 0;
			defaultConfigurationName = Release;
		};
/* End XCConfigurationList section */

/* Begin XCVersionGroup section */
		F7B748F627C3E02D0082673C /* Ya_CoreData.xcdatamodeld */ = {
			isa = XCVersionGroup;
			children = (
				F759C48627D507A4008851BE /* Ya_CoreData 2.xcdatamodel */,
				F7B748F727C3E02D0082673C /* Ya_CoreData.xcdatamodel */,
			);
			currentVersion = F759C48627D507A4008851BE /* Ya_CoreData 2.xcdatamodel */;
			path = Ya_CoreData.xcdatamodeld;
			sourceTree = "<group>";
			versionGroupType = wrapper.xcdatamodel;
		};
/* End XCVersionGroup section */
	};
	rootObject = F740CCFE27BFADCC00E4A92E /* Project object */;
}
